
Microsoft Visual Studio Solution File, Format Version 12.00
# Visual Studio Version 17
VisualStudioVersion = 17.8.34525.116
MinimumVisualStudioVersion = 10.0.40219.1
Project("{FAE04EC0-301F-11D3-BF4B-00C04F79EFBC}") = "dotNetBackend", "dotNetBackend\dotNetBackend.csproj", "{05374DE8-D1BB-4B2A-BD27-E995FBD84727}"
EndProject
Global
	GlobalSection(SolutionConfigurationPlatforms) = preSolution
		Debug|Any CPU = Debug|Any CPU
		Release|Any CPU = Release|Any CPU
	EndGlobalSection
	GlobalSection(ProjectConfigurationPlatforms) = postSolution
		{05374DE8-D1BB-4B2A-BD27-E995FBD84727}.Debug|Any CPU.ActiveCfg = Debug|Any CPU
		{05374DE8-D1BB-4B2A-BD27-E995FBD84727}.Debug|Any CPU.Build.0 = Debug|Any CPU
		{05374DE8-D1BB-4B2A-BD27-E995FBD84727}.Release|Any CPU.ActiveCfg = Release|Any CPU
		{05374DE8-D1BB-4B2A-BD27-E995FBD84727}.Release|Any CPU.Build.0 = Release|Any CPU
	EndGlobalSection
	GlobalSection(SolutionProperties) = preSolution
		HideSolutionNode = FALSE
	EndGlobalSection
	GlobalSection(ExtensibilityGlobals) = postSolution
		SolutionGuid = {A7721EC6-E641-4B52-AD6C-7169209064E5}
	EndGlobalSection
EndGlobal
